
Microsoft Visual Studio Solution File, Format Version 12.00
# Visual Studio Version 16
VisualStudioVersion = 16.0.29411.108
MinimumVisualStudioVersion = 10.0.40219.1
Project("{9A19103F-16F7-4668-BE54-9A1E7A4F7556}") = "CustomToken.Server", "Source\CustomToken.Server\CustomToken.Server.csproj", "{336611C8-ACB3-4D65-A192-D95C6C02F9FC}"
EndProject
Project("{FAE04EC0-301F-11D3-BF4B-00C04F79EFBC}") = "CustomToken.Client", "Source\CustomToken.Client\CustomToken.Client.csproj", "{32327F81-82B1-4B3D-B331-0AE001968D0C}"
EndProject
Project("{FAE04EC0-301F-11D3-BF4B-00C04F79EFBC}") = "CustomToken.Core", "Source\CustomToken.Core\CustomToken.Core.csproj", "{6F7CD5E2-0648-457A-89EF-A7806FD50ABD}"
EndProject
Global
	GlobalSection(SolutionConfigurationPlatforms) = preSolution
		Debug|Any CPU = Debug|Any CPU
		Release|Any CPU = Release|Any CPU
	EndGlobalSection
	GlobalSection(ProjectConfigurationPlatforms) = postSolution
		{336611C8-ACB3-4D65-A192-D95C6C02F9FC}.Debug|Any CPU.ActiveCfg = Debug|Any CPU
		{336611C8-ACB3-4D65-A192-D95C6C02F9FC}.Debug|Any CPU.Build.0 = Debug|Any CPU
		{336611C8-ACB3-4D65-A192-D95C6C02F9FC}.Release|Any CPU.ActiveCfg = Release|Any CPU
		{336611C8-ACB3-4D65-A192-D95C6C02F9FC}.Release|Any CPU.Build.0 = Release|Any CPU
		{32327F81-82B1-4B3D-B331-0AE001968D0C}.Debug|Any CPU.ActiveCfg = Debug|Any CPU
		{32327F81-82B1-4B3D-B331-0AE001968D0C}.Debug|Any CPU.Build.0 = Debug|Any CPU
		{32327F81-82B1-4B3D-B331-0AE001968D0C}.Release|Any CPU.ActiveCfg = Release|Any CPU
		{32327F81-82B1-4B3D-B331-0AE001968D0C}.Release|Any CPU.Build.0 = Release|Any CPU
		{6F7CD5E2-0648-457A-89EF-A7806FD50ABD}.Debug|Any CPU.ActiveCfg = Debug|Any CPU
		{6F7CD5E2-0648-457A-89EF-A7806FD50ABD}.Debug|Any CPU.Build.0 = Debug|Any CPU
		{6F7CD5E2-0648-457A-89EF-A7806FD50ABD}.Release|Any CPU.ActiveCfg = Release|Any CPU
		{6F7CD5E2-0648-457A-89EF-A7806FD50ABD}.Release|Any CPU.Build.0 = Release|Any CPU
	EndGlobalSection
	GlobalSection(SolutionProperties) = preSolution
		HideSolutionNode = FALSE
	EndGlobalSection
	GlobalSection(ExtensibilityGlobals) = postSolution
		SolutionGuid = {249642B8-FF40-4F9A-95F1-CEEF27CC3608}
	EndGlobalSection
EndGlobal
